
Microsoft Visual Studio Solution File, Format Version 12.00
# Visual Studio 2013
VisualStudioVersion = 12.0.21005.1
MinimumVisualStudioVersion = 10.0.40219.1
Project("{FAE04EC0-301F-11D3-BF4B-00C04F79EFBC}") = "Lab", "Lab\Lab.csproj", "{562A8A87-B639-482C-841F-F306AE4C82AB}"
EndProject
Project("{FAE04EC0-301F-11D3-BF4B-00C04F79EFBC}") = "Utils", "Utils\Utils.csproj", "{06A4DF62-7B3B-47D8-9E62-188EE4C35A0A}"
EndProject
Project("{FAE04EC0-301F-11D3-BF4B-00C04F79EFBC}") = "DynamicProgramming", "DynamicProgramming\DynamicProgramming.csproj", "{1C0EB908-CAEB-4F54-8EF8-C21994434BAF}"
EndProject
Project("{FAE04EC0-301F-11D3-BF4B-00C04F79EFBC}") = "BackTracking", "BackTracking\BackTracking.csproj", "{29C10789-B6DB-493F-9939-341B7E3B38BE}"
EndProject
Project("{FAE04EC0-301F-11D3-BF4B-00C04F79EFBC}") = "Combinatorics", "Combinatorics\Combinatorics.csproj", "{9EEA45D1-BFFC-4A7D-8BE7-CEFF64472964}"
EndProject
Project("{FAE04EC0-301F-11D3-BF4B-00C04F79EFBC}") = "PotPourri", "PotPourri\PotPourri.csproj", "{903B636F-B2DC-40D8-AD01-CEE850F4246A}"
EndProject
Project("{FAE04EC0-301F-11D3-BF4B-00C04F79EFBC}") = "DataStructures", "DataStructures\DataStructures.csproj", "{505236F5-CD85-4827-8245-54CA59CA0F6F}"
EndProject
Project("{FAE04EC0-301F-11D3-BF4B-00C04F79EFBC}") = "CSharp", "CSharp\CSharp.csproj", "{44FF484D-2E87-451E-94A4-C350401FA04F}"
EndProject
Global
	GlobalSection(SolutionConfigurationPlatforms) = preSolution
		Debug|Any CPU = Debug|Any CPU
		Debug|Mixed Platforms = Debug|Mixed Platforms
		Debug|x86 = Debug|x86
		Release|Any CPU = Release|Any CPU
		Release|Mixed Platforms = Release|Mixed Platforms
		Release|x86 = Release|x86
	EndGlobalSection
	GlobalSection(ProjectConfigurationPlatforms) = postSolution
		{562A8A87-B639-482C-841F-F306AE4C82AB}.Debug|Any CPU.ActiveCfg = Debug|x86
		{562A8A87-B639-482C-841F-F306AE4C82AB}.Debug|Mixed Platforms.ActiveCfg = Debug|x86
		{562A8A87-B639-482C-841F-F306AE4C82AB}.Debug|Mixed Platforms.Build.0 = Debug|x86
		{562A8A87-B639-482C-841F-F306AE4C82AB}.Debug|x86.ActiveCfg = Debug|x86
		{562A8A87-B639-482C-841F-F306AE4C82AB}.Debug|x86.Build.0 = Debug|x86
		{562A8A87-B639-482C-841F-F306AE4C82AB}.Release|Any CPU.ActiveCfg = Release|x86
		{562A8A87-B639-482C-841F-F306AE4C82AB}.Release|Mixed Platforms.ActiveCfg = Release|x86
		{562A8A87-B639-482C-841F-F306AE4C82AB}.Release|Mixed Platforms.Build.0 = Release|x86
		{562A8A87-B639-482C-841F-F306AE4C82AB}.Release|x86.ActiveCfg = Release|x86
		{562A8A87-B639-482C-841F-F306AE4C82AB}.Release|x86.Build.0 = Release|x86
		{06A4DF62-7B3B-47D8-9E62-188EE4C35A0A}.Debug|Any CPU.ActiveCfg = Debug|Any CPU
		{06A4DF62-7B3B-47D8-9E62-188EE4C35A0A}.Debug|Any CPU.Build.0 = Debug|Any CPU
		{06A4DF62-7B3B-47D8-9E62-188EE4C35A0A}.Debug|Mixed Platforms.ActiveCfg = Debug|Any CPU
		{06A4DF62-7B3B-47D8-9E62-188EE4C35A0A}.Debug|Mixed Platforms.Build.0 = Debug|Any CPU
		{06A4DF62-7B3B-47D8-9E62-188EE4C35A0A}.Debug|x86.ActiveCfg = Debug|Any CPU
		{06A4DF62-7B3B-47D8-9E62-188EE4C35A0A}.Release|Any CPU.ActiveCfg = Release|Any CPU
		{06A4DF62-7B3B-47D8-9E62-188EE4C35A0A}.Release|Any CPU.Build.0 = Release|Any CPU
		{06A4DF62-7B3B-47D8-9E62-188EE4C35A0A}.Release|Mixed Platforms.ActiveCfg = Release|Any CPU
		{06A4DF62-7B3B-47D8-9E62-188EE4C35A0A}.Release|Mixed Platforms.Build.0 = Release|Any CPU
		{06A4DF62-7B3B-47D8-9E62-188EE4C35A0A}.Release|x86.ActiveCfg = Release|Any CPU
		{1C0EB908-CAEB-4F54-8EF8-C21994434BAF}.Debug|Any CPU.ActiveCfg = Debug|Any CPU
		{1C0EB908-CAEB-4F54-8EF8-C21994434BAF}.Debug|Any CPU.Build.0 = Debug|Any CPU
		{1C0EB908-CAEB-4F54-8EF8-C21994434BAF}.Debug|Mixed Platforms.ActiveCfg = Debug|Any CPU
		{1C0EB908-CAEB-4F54-8EF8-C21994434BAF}.Debug|Mixed Platforms.Build.0 = Debug|Any CPU
		{1C0EB908-CAEB-4F54-8EF8-C21994434BAF}.Debug|x86.ActiveCfg = Debug|Any CPU
		{1C0EB908-CAEB-4F54-8EF8-C21994434BAF}.Release|Any CPU.ActiveCfg = Release|Any CPU
		{1C0EB908-CAEB-4F54-8EF8-C21994434BAF}.Release|Any CPU.Build.0 = Release|Any CPU
		{1C0EB908-CAEB-4F54-8EF8-C21994434BAF}.Release|Mixed Platforms.ActiveCfg = Release|Any CPU
		{1C0EB908-CAEB-4F54-8EF8-C21994434BAF}.Release|Mixed Platforms.Build.0 = Release|Any CPU
		{1C0EB908-CAEB-4F54-8EF8-C21994434BAF}.Release|x86.ActiveCfg = Release|Any CPU
		{29C10789-B6DB-493F-9939-341B7E3B38BE}.Debug|Any CPU.ActiveCfg = Debug|Any CPU
		{29C10789-B6DB-493F-9939-341B7E3B38BE}.Debug|Any CPU.Build.0 = Debug|Any CPU
		{29C10789-B6DB-493F-9939-341B7E3B38BE}.Debug|Mixed Platforms.ActiveCfg = Debug|Any CPU
		{29C10789-B6DB-493F-9939-341B7E3B38BE}.Debug|Mixed Platforms.Build.0 = Debug|Any CPU
		{29C10789-B6DB-493F-9939-341B7E3B38BE}.Debug|x86.ActiveCfg = Debug|Any CPU
		{29C10789-B6DB-493F-9939-341B7E3B38BE}.Release|Any CPU.ActiveCfg = Release|Any CPU
		{29C10789-B6DB-493F-9939-341B7E3B38BE}.Release|Any CPU.Build.0 = Release|Any CPU
		{29C10789-B6DB-493F-9939-341B7E3B38BE}.Release|Mixed Platforms.ActiveCfg = Release|Any CPU
		{29C10789-B6DB-493F-9939-341B7E3B38BE}.Release|Mixed Platforms.Build.0 = Release|Any CPU
		{29C10789-B6DB-493F-9939-341B7E3B38BE}.Release|x86.ActiveCfg = Release|Any CPU
		{9EEA45D1-BFFC-4A7D-8BE7-CEFF64472964}.Debug|Any CPU.ActiveCfg = Debug|Any CPU
		{9EEA45D1-BFFC-4A7D-8BE7-CEFF64472964}.Debug|Any CPU.Build.0 = Debug|Any CPU
		{9EEA45D1-BFFC-4A7D-8BE7-CEFF64472964}.Debug|Mixed Platforms.ActiveCfg = Debug|Any CPU
		{9EEA45D1-BFFC-4A7D-8BE7-CEFF64472964}.Debug|Mixed Platforms.Build.0 = Debug|Any CPU
		{9EEA45D1-BFFC-4A7D-8BE7-CEFF64472964}.Debug|x86.ActiveCfg = Debug|Any CPU
		{9EEA45D1-BFFC-4A7D-8BE7-CEFF64472964}.Release|Any CPU.ActiveCfg = Release|Any CPU
		{9EEA45D1-BFFC-4A7D-8BE7-CEFF64472964}.Release|Any CPU.Build.0 = Release|Any CPU
		{9EEA45D1-BFFC-4A7D-8BE7-CEFF64472964}.Release|Mixed Platforms.ActiveCfg = Release|Any CPU
		{9EEA45D1-BFFC-4A7D-8BE7-CEFF64472964}.Release|Mixed Platforms.Build.0 = Release|Any CPU
		{9EEA45D1-BFFC-4A7D-8BE7-CEFF64472964}.Release|x86.ActiveCfg = Release|Any CPU
		{903B636F-B2DC-40D8-AD01-CEE850F4246A}.Debug|Any CPU.ActiveCfg = Debug|Any CPU
		{903B636F-B2DC-40D8-AD01-CEE850F4246A}.Debug|Any CPU.Build.0 = Debug|Any CPU
		{903B636F-B2DC-40D8-AD01-CEE850F4246A}.Debug|Mixed Platforms.ActiveCfg = Debug|Any CPU
		{903B636F-B2DC-40D8-AD01-CEE850F4246A}.Debug|Mixed Platforms.Build.0 = Debug|Any CPU
		{903B636F-B2DC-40D8-AD01-CEE850F4246A}.Debug|x86.ActiveCfg = Debug|Any CPU
		{903B636F-B2DC-40D8-AD01-CEE850F4246A}.Release|Any CPU.ActiveCfg = Release|Any CPU
		{903B636F-B2DC-40D8-AD01-CEE850F4246A}.Release|Any CPU.Build.0 = Release|Any CPU
		{903B636F-B2DC-40D8-AD01-CEE850F4246A}.Release|Mixed Platforms.ActiveCfg = Release|Any CPU
		{903B636F-B2DC-40D8-AD01-CEE850F4246A}.Release|Mixed Platforms.Build.0 = Release|Any CPU
		{903B636F-B2DC-40D8-AD01-CEE850F4246A}.Release|x86.ActiveCfg = Release|Any CPU
		{505236F5-CD85-4827-8245-54CA59CA0F6F}.Debug|Any CPU.ActiveCfg = Debug|x86
		{505236F5-CD85-4827-8245-54CA59CA0F6F}.Debug|Mixed Platforms.ActiveCfg = Debug|x86
		{505236F5-CD85-4827-8245-54CA59CA0F6F}.Debug|Mixed Platforms.Build.0 = Debug|x86
		{505236F5-CD85-4827-8245-54CA59CA0F6F}.Debug|x86.ActiveCfg = Debug|x86
		{505236F5-CD85-4827-8245-54CA59CA0F6F}.Debug|x86.Build.0 = Debug|x86
		{505236F5-CD85-4827-8245-54CA59CA0F6F}.Release|Any CPU.ActiveCfg = Release|x86
		{505236F5-CD85-4827-8245-54CA59CA0F6F}.Release|Mixed Platforms.ActiveCfg = Release|x86
		{505236F5-CD85-4827-8245-54CA59CA0F6F}.Release|Mixed Platforms.Build.0 = Release|x86
		{505236F5-CD85-4827-8245-54CA59CA0F6F}.Release|x86.ActiveCfg = Release|x86
		{505236F5-CD85-4827-8245-54CA59CA0F6F}.Release|x86.Build.0 = Release|x86
		{44FF484D-2E87-451E-94A4-C350401FA04F}.Debug|Any CPU.ActiveCfg = Debug|Any CPU
		{44FF484D-2E87-451E-94A4-C350401FA04F}.Debug|Any CPU.Build.0 = Debug|Any CPU
		{44FF484D-2E87-451E-94A4-C350401FA04F}.Debug|Mixed Platforms.ActiveCfg = Debug|Any CPU
		{44FF484D-2E87-451E-94A4-C350401FA04F}.Debug|Mixed Platforms.Build.0 = Debug|Any CPU
		{44FF484D-2E87-451E-94A4-C350401FA04F}.Debug|x86.ActiveCfg = Debug|Any CPU
		{44FF484D-2E87-451E-94A4-C350401FA04F}.Release|Any CPU.ActiveCfg = Release|Any CPU
		{44FF484D-2E87-451E-94A4-C350401FA04F}.Release|Any CPU.Build.0 = Release|Any CPU
		{44FF484D-2E87-451E-94A4-C350401FA04F}.Release|Mixed Platforms.ActiveCfg = Release|Any CPU
		{44FF484D-2E87-451E-94A4-C350401FA04F}.Release|Mixed Platforms.Build.0 = Release|Any CPU
		{44FF484D-2E87-451E-94A4-C350401FA04F}.Release|x86.ActiveCfg = Release|Any CPU
	EndGlobalSection
	GlobalSection(SolutionProperties) = preSolution
		HideSolutionNode = FALSE
	EndGlobalSection
EndGlobal
